
Microsoft Visual Studio Solution File, Format Version 10.00
# Visual Studio 2008
Project("{FAE04EC0-301F-11D3-BF4B-00C04F79EFBC}") = "deveeldb", "deveeldb\deveeldb.csproj", "{50D02908-5743-4E72-83B5-77C5712EA59A}"
EndProject
Project("{FAE04EC0-301F-11D3-BF4B-00C04F79EFBC}") = "deveeldb-nunit", "deveeldb-nunit\deveeldb-nunit.csproj", "{F077C127-8F87-4B60-AAD3-30AFCC9356D7}"
EndProject
Global
	GlobalSection(SolutionConfigurationPlatforms) = preSolution
		Debug - .NET|Any CPU = Debug - .NET|Any CPU
		Release - .NET|Any CPU = Release - .NET|Any CPU
	EndGlobalSection
	GlobalSection(ProjectConfigurationPlatforms) = postSolution
		{50D02908-5743-4E72-83B5-77C5712EA59A}.Debug - .NET|Any CPU.ActiveCfg = Debug - .NET|Any CPU
		{50D02908-5743-4E72-83B5-77C5712EA59A}.Debug - .NET|Any CPU.Build.0 = Debug - .NET|Any CPU
		{50D02908-5743-4E72-83B5-77C5712EA59A}.Release - .NET|Any CPU.ActiveCfg = Debug|Any CPU
		{50D02908-5743-4E72-83B5-77C5712EA59A}.Release - .NET|Any CPU.Build.0 = Debug|Any CPU
		{F077C127-8F87-4B60-AAD3-30AFCC9356D7}.Debug - .NET|Any CPU.ActiveCfg = Debug - .NET|Any CPU
		{F077C127-8F87-4B60-AAD3-30AFCC9356D7}.Debug - .NET|Any CPU.Build.0 = Debug - .NET|Any CPU
		{F077C127-8F87-4B60-AAD3-30AFCC9356D7}.Release - .NET|Any CPU.ActiveCfg = Debug|Any CPU
		{F077C127-8F87-4B60-AAD3-30AFCC9356D7}.Release - .NET|Any CPU.Build.0 = Debug|Any CPU
	EndGlobalSection
	GlobalSection(SolutionProperties) = preSolution
		HideSolutionNode = FALSE
	EndGlobalSection
EndGlobal
