
Microsoft Visual Studio Solution File, Format Version 12.00
# Visual Studio 15
VisualStudioVersion = 15.0.28010.2041
MinimumVisualStudioVersion = 10.0.40219.1
Project("{9A19103F-16F7-4668-BE54-9A1E7A4F7556}") = "deveeldb", "src\deveeldb\deveeldb.csproj", "{124BB02C-8B4B-4227-8162-670FBA4E90E6}"
EndProject
Project("{9A19103F-16F7-4668-BE54-9A1E7A4F7556}") = "deveeldb.test", "test\deveeldb.test\deveeldb.test.csproj", "{0AABD3C9-AFB7-47F1-8180-0D30A129AE88}"
EndProject
Project("{9A19103F-16F7-4668-BE54-9A1E7A4F7556}") = "deveeldb.sql.parser", "src\deveeldb.sql.parser\deveeldb.sql.parser.csproj", "{3A285179-9A1D-4483-9B98-596A9EAA8022}"
EndProject
Project("{9A19103F-16F7-4668-BE54-9A1E7A4F7556}") = "deveeldb.sql.parser.test", "test\deveeldb.sql.parser.test\deveeldb.sql.parser.test.csproj", "{4D48E514-F196-413D-B5DF-1661C8AAC647}"
EndProject
Project("{2150E333-8FDC-42A3-9474-1A3956D46DE8}") = "Solution Items", "Solution Items", "{F8D4C059-BE41-4957-8662-97FBBFAD6D47}"
EndProject
Project("{9A19103F-16F7-4668-BE54-9A1E7A4F7556}") = "deveeldb.tablesys", "src\deveeldb.tablesys\deveeldb.tablesys.csproj", "{D60FE0B2-6053-4EEA-BEAF-4186428526B6}"
EndProject
Global
	GlobalSection(SolutionConfigurationPlatforms) = preSolution
		Debug|Any CPU = Debug|Any CPU
		Debug|x64 = Debug|x64
		Debug|x86 = Debug|x86
		Release|Any CPU = Release|Any CPU
		Release|x64 = Release|x64
		Release|x86 = Release|x86
	EndGlobalSection
	GlobalSection(ProjectConfigurationPlatforms) = postSolution
		{124BB02C-8B4B-4227-8162-670FBA4E90E6}.Debug|Any CPU.ActiveCfg = Debug|Any CPU
		{124BB02C-8B4B-4227-8162-670FBA4E90E6}.Debug|Any CPU.Build.0 = Debug|Any CPU
		{124BB02C-8B4B-4227-8162-670FBA4E90E6}.Debug|x64.ActiveCfg = Debug|x64
		{124BB02C-8B4B-4227-8162-670FBA4E90E6}.Debug|x64.Build.0 = Debug|x64
		{124BB02C-8B4B-4227-8162-670FBA4E90E6}.Debug|x86.ActiveCfg = Debug|x86
		{124BB02C-8B4B-4227-8162-670FBA4E90E6}.Debug|x86.Build.0 = Debug|x86
		{124BB02C-8B4B-4227-8162-670FBA4E90E6}.Release|Any CPU.ActiveCfg = Release|Any CPU
		{124BB02C-8B4B-4227-8162-670FBA4E90E6}.Release|Any CPU.Build.0 = Release|Any CPU
		{124BB02C-8B4B-4227-8162-670FBA4E90E6}.Release|x64.ActiveCfg = Release|x64
		{124BB02C-8B4B-4227-8162-670FBA4E90E6}.Release|x64.Build.0 = Release|x64
		{124BB02C-8B4B-4227-8162-670FBA4E90E6}.Release|x86.ActiveCfg = Release|x86
		{124BB02C-8B4B-4227-8162-670FBA4E90E6}.Release|x86.Build.0 = Release|x86
		{0AABD3C9-AFB7-47F1-8180-0D30A129AE88}.Debug|Any CPU.ActiveCfg = Debug|Any CPU
		{0AABD3C9-AFB7-47F1-8180-0D30A129AE88}.Debug|Any CPU.Build.0 = Debug|Any CPU
		{0AABD3C9-AFB7-47F1-8180-0D30A129AE88}.Debug|x64.ActiveCfg = Debug|x64
		{0AABD3C9-AFB7-47F1-8180-0D30A129AE88}.Debug|x64.Build.0 = Debug|x64
		{0AABD3C9-AFB7-47F1-8180-0D30A129AE88}.Debug|x86.ActiveCfg = Debug|x86
		{0AABD3C9-AFB7-47F1-8180-0D30A129AE88}.Debug|x86.Build.0 = Debug|x86
		{0AABD3C9-AFB7-47F1-8180-0D30A129AE88}.Release|Any CPU.ActiveCfg = Release|Any CPU
		{0AABD3C9-AFB7-47F1-8180-0D30A129AE88}.Release|Any CPU.Build.0 = Release|Any CPU
		{0AABD3C9-AFB7-47F1-8180-0D30A129AE88}.Release|x64.ActiveCfg = Release|x64
		{0AABD3C9-AFB7-47F1-8180-0D30A129AE88}.Release|x64.Build.0 = Release|x64
		{0AABD3C9-AFB7-47F1-8180-0D30A129AE88}.Release|x86.ActiveCfg = Release|x86
		{0AABD3C9-AFB7-47F1-8180-0D30A129AE88}.Release|x86.Build.0 = Release|x86
		{3A285179-9A1D-4483-9B98-596A9EAA8022}.Debug|Any CPU.ActiveCfg = Debug|Any CPU
		{3A285179-9A1D-4483-9B98-596A9EAA8022}.Debug|Any CPU.Build.0 = Debug|Any CPU
		{3A285179-9A1D-4483-9B98-596A9EAA8022}.Debug|x64.ActiveCfg = Debug|Any CPU
		{3A285179-9A1D-4483-9B98-596A9EAA8022}.Debug|x64.Build.0 = Debug|Any CPU
		{3A285179-9A1D-4483-9B98-596A9EAA8022}.Debug|x86.ActiveCfg = Debug|Any CPU
		{3A285179-9A1D-4483-9B98-596A9EAA8022}.Debug|x86.Build.0 = Debug|Any CPU
		{3A285179-9A1D-4483-9B98-596A9EAA8022}.Release|Any CPU.ActiveCfg = Release|Any CPU
		{3A285179-9A1D-4483-9B98-596A9EAA8022}.Release|Any CPU.Build.0 = Release|Any CPU
		{3A285179-9A1D-4483-9B98-596A9EAA8022}.Release|x64.ActiveCfg = Release|Any CPU
		{3A285179-9A1D-4483-9B98-596A9EAA8022}.Release|x64.Build.0 = Release|Any CPU
		{3A285179-9A1D-4483-9B98-596A9EAA8022}.Release|x86.ActiveCfg = Release|Any CPU
		{3A285179-9A1D-4483-9B98-596A9EAA8022}.Release|x86.Build.0 = Release|Any CPU
		{4D48E514-F196-413D-B5DF-1661C8AAC647}.Debug|Any CPU.ActiveCfg = Debug|Any CPU
		{4D48E514-F196-413D-B5DF-1661C8AAC647}.Debug|Any CPU.Build.0 = Debug|Any CPU
		{4D48E514-F196-413D-B5DF-1661C8AAC647}.Debug|x64.ActiveCfg = Debug|Any CPU
		{4D48E514-F196-413D-B5DF-1661C8AAC647}.Debug|x64.Build.0 = Debug|Any CPU
		{4D48E514-F196-413D-B5DF-1661C8AAC647}.Debug|x86.ActiveCfg = Debug|Any CPU
		{4D48E514-F196-413D-B5DF-1661C8AAC647}.Debug|x86.Build.0 = Debug|Any CPU
		{4D48E514-F196-413D-B5DF-1661C8AAC647}.Release|Any CPU.ActiveCfg = Release|Any CPU
		{4D48E514-F196-413D-B5DF-1661C8AAC647}.Release|Any CPU.Build.0 = Release|Any CPU
		{4D48E514-F196-413D-B5DF-1661C8AAC647}.Release|x64.ActiveCfg = Release|Any CPU
		{4D48E514-F196-413D-B5DF-1661C8AAC647}.Release|x64.Build.0 = Release|Any CPU
		{4D48E514-F196-413D-B5DF-1661C8AAC647}.Release|x86.ActiveCfg = Release|Any CPU
		{4D48E514-F196-413D-B5DF-1661C8AAC647}.Release|x86.Build.0 = Release|Any CPU
		{D60FE0B2-6053-4EEA-BEAF-4186428526B6}.Debug|Any CPU.ActiveCfg = Debug|Any CPU
		{D60FE0B2-6053-4EEA-BEAF-4186428526B6}.Debug|Any CPU.Build.0 = Debug|Any CPU
		{D60FE0B2-6053-4EEA-BEAF-4186428526B6}.Debug|x64.ActiveCfg = Debug|Any CPU
		{D60FE0B2-6053-4EEA-BEAF-4186428526B6}.Debug|x64.Build.0 = Debug|Any CPU
		{D60FE0B2-6053-4EEA-BEAF-4186428526B6}.Debug|x86.ActiveCfg = Debug|Any CPU
		{D60FE0B2-6053-4EEA-BEAF-4186428526B6}.Debug|x86.Build.0 = Debug|Any CPU
		{D60FE0B2-6053-4EEA-BEAF-4186428526B6}.Release|Any CPU.ActiveCfg = Release|Any CPU
		{D60FE0B2-6053-4EEA-BEAF-4186428526B6}.Release|Any CPU.Build.0 = Release|Any CPU
		{D60FE0B2-6053-4EEA-BEAF-4186428526B6}.Release|x64.ActiveCfg = Release|Any CPU
		{D60FE0B2-6053-4EEA-BEAF-4186428526B6}.Release|x64.Build.0 = Release|Any CPU
		{D60FE0B2-6053-4EEA-BEAF-4186428526B6}.Release|x86.ActiveCfg = Release|Any CPU
		{D60FE0B2-6053-4EEA-BEAF-4186428526B6}.Release|x86.Build.0 = Release|Any CPU
	EndGlobalSection
	GlobalSection(SolutionProperties) = preSolution
		HideSolutionNode = FALSE
	EndGlobalSection
	GlobalSection(ExtensibilityGlobals) = postSolution
		SolutionGuid = {846F1253-5473-4819-954C-13A53A10DE1E}
	EndGlobalSection
EndGlobal
