
Microsoft Visual Studio Solution File, Format Version 12.00
# Visual Studio 14
VisualStudioVersion = 14.0.25123.0
MinimumVisualStudioVersion = 10.0.40219.1
Project("{FAE04EC0-301F-11D3-BF4B-00C04F79EFBC}") = "deveeldb", "deveeldb\deveeldb.csproj", "{A14222AE-1B48-4863-A0CA-1D6C2AB2190B}"
EndProject
Project("{FAE04EC0-301F-11D3-BF4B-00C04F79EFBC}") = "deveeldb-nunit", "deveeldb-nunit\deveeldb-nunit.csproj", "{F583D8C8-97A2-4460-9C03-40E48A9A2B3A}"
EndProject
Project("{2150E333-8FDC-42A3-9474-1A3956D46DE8}") = ".nuget", ".nuget", "{5165D6A1-8BD4-416F-ACEC-B00160891CC3}"
	ProjectSection(SolutionItems) = preProject
		.nuget\NuGet.Config = .nuget\NuGet.Config
		.nuget\NuGet.exe = .nuget\NuGet.exe
		.nuget\NuGet.targets = .nuget\NuGet.targets
	EndProjectSection
EndProject
Project("{7CF6DF6D-3B04-46F8-A40B-537D21BCA0B4}") = "deveeldb.schfb", "deveeldb.schfb\deveeldb.schfb.shfbproj", "{ADBAFCD3-B285-4474-8C24-E476BDA9C598}"
EndProject
Project("{2150E333-8FDC-42A3-9474-1A3956D46DE8}") = "nuspec", "nuspec", "{508A8A13-279F-42AC-8E82-9842107126A0}"
	ProjectSection(SolutionItems) = preProject
		..\nuget\deveeldb-platform.nuspec = ..\nuget\deveeldb-platform.nuspec
		..\nuget\deveeldb.nuspec = ..\nuget\deveeldb.nuspec
	EndProjectSection
EndProject
Project("{FAE04EC0-301F-11D3-BF4B-00C04F79EFBC}") = "deveeldb.cli", "deveeldb.cli\deveeldb.cli.csproj", "{227E4FEA-9413-488C-939F-2108D090AED6}"
EndProject
Project("{FAE04EC0-301F-11D3-BF4B-00C04F79EFBC}") = "deveeldb.client", "deveeldb.client\deveeldb.client.csproj", "{D453EB5A-C257-4848-AF34-4EB4F58A989C}"
EndProject
Project("{FAE04EC0-301F-11D3-BF4B-00C04F79EFBC}") = "deveeldb.server", "deveeldb.server\deveeldb.server.csproj", "{0F3C7E1D-606E-4682-99F6-BF6E757F7B90}"
EndProject
Global
	GlobalSection(SolutionConfigurationPlatforms) = preSolution
		Debug|Any CPU = Debug|Any CPU
		Debug|ARM = Debug|ARM
		Debug|x64 = Debug|x64
		Debug|x86 = Debug|x86
		Release|Any CPU = Release|Any CPU
		Release|ARM = Release|ARM
		Release|x64 = Release|x64
		Release|x86 = Release|x86
		Release-PCL|Any CPU = Release-PCL|Any CPU
		Release-PCL|ARM = Release-PCL|ARM
		Release-PCL|x64 = Release-PCL|x64
		Release-PCL|x86 = Release-PCL|x86
	EndGlobalSection
	GlobalSection(ProjectConfigurationPlatforms) = postSolution
		{A14222AE-1B48-4863-A0CA-1D6C2AB2190B}.Debug|Any CPU.ActiveCfg = Debug|Any CPU
		{A14222AE-1B48-4863-A0CA-1D6C2AB2190B}.Debug|Any CPU.Build.0 = Debug|Any CPU
		{A14222AE-1B48-4863-A0CA-1D6C2AB2190B}.Debug|ARM.ActiveCfg = Debug|Any CPU
		{A14222AE-1B48-4863-A0CA-1D6C2AB2190B}.Debug|ARM.Build.0 = Debug|Any CPU
		{A14222AE-1B48-4863-A0CA-1D6C2AB2190B}.Debug|x64.ActiveCfg = Debug|x64
		{A14222AE-1B48-4863-A0CA-1D6C2AB2190B}.Debug|x64.Build.0 = Debug|x64
		{A14222AE-1B48-4863-A0CA-1D6C2AB2190B}.Debug|x86.ActiveCfg = Debug|x86
		{A14222AE-1B48-4863-A0CA-1D6C2AB2190B}.Debug|x86.Build.0 = Debug|x86
		{A14222AE-1B48-4863-A0CA-1D6C2AB2190B}.Release|Any CPU.ActiveCfg = Release|Any CPU
		{A14222AE-1B48-4863-A0CA-1D6C2AB2190B}.Release|Any CPU.Build.0 = Release|Any CPU
		{A14222AE-1B48-4863-A0CA-1D6C2AB2190B}.Release|ARM.ActiveCfg = Release|Any CPU
		{A14222AE-1B48-4863-A0CA-1D6C2AB2190B}.Release|ARM.Build.0 = Release|Any CPU
		{A14222AE-1B48-4863-A0CA-1D6C2AB2190B}.Release|x64.ActiveCfg = Release|x64
		{A14222AE-1B48-4863-A0CA-1D6C2AB2190B}.Release|x64.Build.0 = Release|x64
		{A14222AE-1B48-4863-A0CA-1D6C2AB2190B}.Release|x86.ActiveCfg = Release|x86
		{A14222AE-1B48-4863-A0CA-1D6C2AB2190B}.Release|x86.Build.0 = Release|x86
		{A14222AE-1B48-4863-A0CA-1D6C2AB2190B}.Release-PCL|Any CPU.ActiveCfg = Release|Any CPU
		{A14222AE-1B48-4863-A0CA-1D6C2AB2190B}.Release-PCL|ARM.ActiveCfg = Release|Any CPU
		{A14222AE-1B48-4863-A0CA-1D6C2AB2190B}.Release-PCL|x64.ActiveCfg = Release|x64
		{A14222AE-1B48-4863-A0CA-1D6C2AB2190B}.Release-PCL|x86.ActiveCfg = Release|x86
		{F583D8C8-97A2-4460-9C03-40E48A9A2B3A}.Debug|Any CPU.ActiveCfg = Debug|Any CPU
		{F583D8C8-97A2-4460-9C03-40E48A9A2B3A}.Debug|Any CPU.Build.0 = Debug|Any CPU
		{F583D8C8-97A2-4460-9C03-40E48A9A2B3A}.Debug|ARM.ActiveCfg = Debug|Any CPU
		{F583D8C8-97A2-4460-9C03-40E48A9A2B3A}.Debug|ARM.Build.0 = Debug|Any CPU
		{F583D8C8-97A2-4460-9C03-40E48A9A2B3A}.Debug|x64.ActiveCfg = Debug|x64
		{F583D8C8-97A2-4460-9C03-40E48A9A2B3A}.Debug|x64.Build.0 = Debug|x64
		{F583D8C8-97A2-4460-9C03-40E48A9A2B3A}.Debug|x86.ActiveCfg = Debug|x86
		{F583D8C8-97A2-4460-9C03-40E48A9A2B3A}.Debug|x86.Build.0 = Debug|x86
		{F583D8C8-97A2-4460-9C03-40E48A9A2B3A}.Release|Any CPU.ActiveCfg = Release|Any CPU
		{F583D8C8-97A2-4460-9C03-40E48A9A2B3A}.Release|Any CPU.Build.0 = Release|Any CPU
		{F583D8C8-97A2-4460-9C03-40E48A9A2B3A}.Release|ARM.ActiveCfg = Release|Any CPU
		{F583D8C8-97A2-4460-9C03-40E48A9A2B3A}.Release|ARM.Build.0 = Release|Any CPU
		{F583D8C8-97A2-4460-9C03-40E48A9A2B3A}.Release|x64.ActiveCfg = Release|x64
		{F583D8C8-97A2-4460-9C03-40E48A9A2B3A}.Release|x64.Build.0 = Release|x64
		{F583D8C8-97A2-4460-9C03-40E48A9A2B3A}.Release|x86.ActiveCfg = Release|x86
		{F583D8C8-97A2-4460-9C03-40E48A9A2B3A}.Release|x86.Build.0 = Release|x86
		{F583D8C8-97A2-4460-9C03-40E48A9A2B3A}.Release-PCL|Any CPU.ActiveCfg = Release|Any CPU
		{F583D8C8-97A2-4460-9C03-40E48A9A2B3A}.Release-PCL|ARM.ActiveCfg = Release|Any CPU
		{F583D8C8-97A2-4460-9C03-40E48A9A2B3A}.Release-PCL|x64.ActiveCfg = Release|x64
		{F583D8C8-97A2-4460-9C03-40E48A9A2B3A}.Release-PCL|x86.ActiveCfg = Release|x86
		{ADBAFCD3-B285-4474-8C24-E476BDA9C598}.Debug|Any CPU.ActiveCfg = Debug|Any CPU
		{ADBAFCD3-B285-4474-8C24-E476BDA9C598}.Debug|ARM.ActiveCfg = Debug|Any CPU
		{ADBAFCD3-B285-4474-8C24-E476BDA9C598}.Debug|ARM.Build.0 = Debug|Any CPU
		{ADBAFCD3-B285-4474-8C24-E476BDA9C598}.Debug|x64.ActiveCfg = Debug|Any CPU
		{ADBAFCD3-B285-4474-8C24-E476BDA9C598}.Debug|x86.ActiveCfg = Debug|Any CPU
		{ADBAFCD3-B285-4474-8C24-E476BDA9C598}.Release|Any CPU.ActiveCfg = Release|Any CPU
		{ADBAFCD3-B285-4474-8C24-E476BDA9C598}.Release|ARM.ActiveCfg = Release|Any CPU
		{ADBAFCD3-B285-4474-8C24-E476BDA9C598}.Release|ARM.Build.0 = Release|Any CPU
		{ADBAFCD3-B285-4474-8C24-E476BDA9C598}.Release|x64.ActiveCfg = Release|Any CPU
		{ADBAFCD3-B285-4474-8C24-E476BDA9C598}.Release|x86.ActiveCfg = Release|Any CPU
		{ADBAFCD3-B285-4474-8C24-E476BDA9C598}.Release-PCL|Any CPU.ActiveCfg = Release|Any CPU
		{ADBAFCD3-B285-4474-8C24-E476BDA9C598}.Release-PCL|ARM.ActiveCfg = Release|Any CPU
		{ADBAFCD3-B285-4474-8C24-E476BDA9C598}.Release-PCL|x64.ActiveCfg = Release|Any CPU
		{ADBAFCD3-B285-4474-8C24-E476BDA9C598}.Release-PCL|x86.ActiveCfg = Release|Any CPU
		{227E4FEA-9413-488C-939F-2108D090AED6}.Debug|Any CPU.ActiveCfg = Debug|Any CPU
		{227E4FEA-9413-488C-939F-2108D090AED6}.Debug|Any CPU.Build.0 = Debug|Any CPU
		{227E4FEA-9413-488C-939F-2108D090AED6}.Debug|ARM.ActiveCfg = Debug|Any CPU
		{227E4FEA-9413-488C-939F-2108D090AED6}.Debug|ARM.Build.0 = Debug|Any CPU
		{227E4FEA-9413-488C-939F-2108D090AED6}.Debug|x64.ActiveCfg = Debug|Any CPU
		{227E4FEA-9413-488C-939F-2108D090AED6}.Debug|x64.Build.0 = Debug|Any CPU
		{227E4FEA-9413-488C-939F-2108D090AED6}.Debug|x86.ActiveCfg = Debug|Any CPU
		{227E4FEA-9413-488C-939F-2108D090AED6}.Debug|x86.Build.0 = Debug|Any CPU
		{227E4FEA-9413-488C-939F-2108D090AED6}.Release|Any CPU.ActiveCfg = Release|Any CPU
		{227E4FEA-9413-488C-939F-2108D090AED6}.Release|Any CPU.Build.0 = Release|Any CPU
		{227E4FEA-9413-488C-939F-2108D090AED6}.Release|ARM.ActiveCfg = Release|Any CPU
		{227E4FEA-9413-488C-939F-2108D090AED6}.Release|ARM.Build.0 = Release|Any CPU
		{227E4FEA-9413-488C-939F-2108D090AED6}.Release|x64.ActiveCfg = Release|Any CPU
		{227E4FEA-9413-488C-939F-2108D090AED6}.Release|x64.Build.0 = Release|Any CPU
		{227E4FEA-9413-488C-939F-2108D090AED6}.Release|x86.ActiveCfg = Release|Any CPU
		{227E4FEA-9413-488C-939F-2108D090AED6}.Release|x86.Build.0 = Release|Any CPU
		{227E4FEA-9413-488C-939F-2108D090AED6}.Release-PCL|Any CPU.ActiveCfg = Release|Any CPU
		{227E4FEA-9413-488C-939F-2108D090AED6}.Release-PCL|Any CPU.Build.0 = Release|Any CPU
		{227E4FEA-9413-488C-939F-2108D090AED6}.Release-PCL|ARM.ActiveCfg = Release|Any CPU
		{227E4FEA-9413-488C-939F-2108D090AED6}.Release-PCL|ARM.Build.0 = Release|Any CPU
		{227E4FEA-9413-488C-939F-2108D090AED6}.Release-PCL|x64.ActiveCfg = Release|Any CPU
		{227E4FEA-9413-488C-939F-2108D090AED6}.Release-PCL|x64.Build.0 = Release|Any CPU
		{227E4FEA-9413-488C-939F-2108D090AED6}.Release-PCL|x86.ActiveCfg = Release|Any CPU
		{227E4FEA-9413-488C-939F-2108D090AED6}.Release-PCL|x86.Build.0 = Release|Any CPU
		{D453EB5A-C257-4848-AF34-4EB4F58A989C}.Debug|Any CPU.ActiveCfg = Debug|Any CPU
		{D453EB5A-C257-4848-AF34-4EB4F58A989C}.Debug|Any CPU.Build.0 = Debug|Any CPU
		{D453EB5A-C257-4848-AF34-4EB4F58A989C}.Debug|ARM.ActiveCfg = Debug|Any CPU
		{D453EB5A-C257-4848-AF34-4EB4F58A989C}.Debug|ARM.Build.0 = Debug|Any CPU
		{D453EB5A-C257-4848-AF34-4EB4F58A989C}.Debug|x64.ActiveCfg = Debug|Any CPU
		{D453EB5A-C257-4848-AF34-4EB4F58A989C}.Debug|x64.Build.0 = Debug|Any CPU
		{D453EB5A-C257-4848-AF34-4EB4F58A989C}.Debug|x86.ActiveCfg = Debug|Any CPU
		{D453EB5A-C257-4848-AF34-4EB4F58A989C}.Debug|x86.Build.0 = Debug|Any CPU
		{D453EB5A-C257-4848-AF34-4EB4F58A989C}.Release|Any CPU.ActiveCfg = Release|Any CPU
		{D453EB5A-C257-4848-AF34-4EB4F58A989C}.Release|Any CPU.Build.0 = Release|Any CPU
		{D453EB5A-C257-4848-AF34-4EB4F58A989C}.Release|ARM.ActiveCfg = Release|Any CPU
		{D453EB5A-C257-4848-AF34-4EB4F58A989C}.Release|ARM.Build.0 = Release|Any CPU
		{D453EB5A-C257-4848-AF34-4EB4F58A989C}.Release|x64.ActiveCfg = Release|Any CPU
		{D453EB5A-C257-4848-AF34-4EB4F58A989C}.Release|x64.Build.0 = Release|Any CPU
		{D453EB5A-C257-4848-AF34-4EB4F58A989C}.Release|x86.ActiveCfg = Release|Any CPU
		{D453EB5A-C257-4848-AF34-4EB4F58A989C}.Release|x86.Build.0 = Release|Any CPU
		{D453EB5A-C257-4848-AF34-4EB4F58A989C}.Release-PCL|Any CPU.ActiveCfg = Release|Any CPU
		{D453EB5A-C257-4848-AF34-4EB4F58A989C}.Release-PCL|Any CPU.Build.0 = Release|Any CPU
		{D453EB5A-C257-4848-AF34-4EB4F58A989C}.Release-PCL|ARM.ActiveCfg = Release|Any CPU
		{D453EB5A-C257-4848-AF34-4EB4F58A989C}.Release-PCL|ARM.Build.0 = Release|Any CPU
		{D453EB5A-C257-4848-AF34-4EB4F58A989C}.Release-PCL|x64.ActiveCfg = Release|Any CPU
		{D453EB5A-C257-4848-AF34-4EB4F58A989C}.Release-PCL|x64.Build.0 = Release|Any CPU
		{D453EB5A-C257-4848-AF34-4EB4F58A989C}.Release-PCL|x86.ActiveCfg = Release|Any CPU
		{D453EB5A-C257-4848-AF34-4EB4F58A989C}.Release-PCL|x86.Build.0 = Release|Any CPU
		{0F3C7E1D-606E-4682-99F6-BF6E757F7B90}.Debug|Any CPU.ActiveCfg = Debug|Any CPU
		{0F3C7E1D-606E-4682-99F6-BF6E757F7B90}.Debug|Any CPU.Build.0 = Debug|Any CPU
		{0F3C7E1D-606E-4682-99F6-BF6E757F7B90}.Debug|ARM.ActiveCfg = Debug|Any CPU
		{0F3C7E1D-606E-4682-99F6-BF6E757F7B90}.Debug|ARM.Build.0 = Debug|Any CPU
		{0F3C7E1D-606E-4682-99F6-BF6E757F7B90}.Debug|x64.ActiveCfg = Debug|Any CPU
		{0F3C7E1D-606E-4682-99F6-BF6E757F7B90}.Debug|x64.Build.0 = Debug|Any CPU
		{0F3C7E1D-606E-4682-99F6-BF6E757F7B90}.Debug|x86.ActiveCfg = Debug|Any CPU
		{0F3C7E1D-606E-4682-99F6-BF6E757F7B90}.Debug|x86.Build.0 = Debug|Any CPU
		{0F3C7E1D-606E-4682-99F6-BF6E757F7B90}.Release|Any CPU.ActiveCfg = Release|Any CPU
		{0F3C7E1D-606E-4682-99F6-BF6E757F7B90}.Release|Any CPU.Build.0 = Release|Any CPU
		{0F3C7E1D-606E-4682-99F6-BF6E757F7B90}.Release|ARM.ActiveCfg = Release|Any CPU
		{0F3C7E1D-606E-4682-99F6-BF6E757F7B90}.Release|ARM.Build.0 = Release|Any CPU
		{0F3C7E1D-606E-4682-99F6-BF6E757F7B90}.Release|x64.ActiveCfg = Release|Any CPU
		{0F3C7E1D-606E-4682-99F6-BF6E757F7B90}.Release|x64.Build.0 = Release|Any CPU
		{0F3C7E1D-606E-4682-99F6-BF6E757F7B90}.Release|x86.ActiveCfg = Release|Any CPU
		{0F3C7E1D-606E-4682-99F6-BF6E757F7B90}.Release|x86.Build.0 = Release|Any CPU
		{0F3C7E1D-606E-4682-99F6-BF6E757F7B90}.Release-PCL|Any CPU.ActiveCfg = Release|Any CPU
		{0F3C7E1D-606E-4682-99F6-BF6E757F7B90}.Release-PCL|Any CPU.Build.0 = Release|Any CPU
		{0F3C7E1D-606E-4682-99F6-BF6E757F7B90}.Release-PCL|ARM.ActiveCfg = Release|Any CPU
		{0F3C7E1D-606E-4682-99F6-BF6E757F7B90}.Release-PCL|ARM.Build.0 = Release|Any CPU
		{0F3C7E1D-606E-4682-99F6-BF6E757F7B90}.Release-PCL|x64.ActiveCfg = Release|Any CPU
		{0F3C7E1D-606E-4682-99F6-BF6E757F7B90}.Release-PCL|x64.Build.0 = Release|Any CPU
		{0F3C7E1D-606E-4682-99F6-BF6E757F7B90}.Release-PCL|x86.ActiveCfg = Release|Any CPU
		{0F3C7E1D-606E-4682-99F6-BF6E757F7B90}.Release-PCL|x86.Build.0 = Release|Any CPU
	EndGlobalSection
	GlobalSection(SolutionProperties) = preSolution
		HideSolutionNode = FALSE
	EndGlobalSection
	GlobalSection(CodealikeProperties) = postSolution
		SolutionGuid = e885a04d-3da6-4847-8d1c-ce831651671c
	EndGlobalSection
EndGlobal
