
Microsoft Visual Studio Solution File, Format Version 11.00
# Visual Studio 2010
Project("{FAE04EC0-301F-11D3-BF4B-00C04F79EFBC}") = "deveeldb.vs2010", "deveeldb\deveeldb.vs2010.csproj", "{A14222AE-1B48-4863-A0CA-1D6C2AB2190B}"
EndProject
Project("{FAE04EC0-301F-11D3-BF4B-00C04F79EFBC}") = "deveeldb-nunit.vs2010", "deveeldb-nunit\deveeldb-nunit.vs2010.csproj", "{F583D8C8-97A2-4460-9C03-40E48A9A2B3A}"
EndProject
Global
	GlobalSection(SolutionConfigurationPlatforms) = preSolution
		Debug|Any CPU = Debug|Any CPU
		Debug|Mixed Platforms = Debug|Mixed Platforms
		Debug|x86 = Debug|x86
		Release|Any CPU = Release|Any CPU
		Release|Mixed Platforms = Release|Mixed Platforms
		Release|x86 = Release|x86
	EndGlobalSection
	GlobalSection(ProjectConfigurationPlatforms) = postSolution
		{A14222AE-1B48-4863-A0CA-1D6C2AB2190B}.Debug|Any CPU.ActiveCfg = Debug|Any CPU
		{A14222AE-1B48-4863-A0CA-1D6C2AB2190B}.Debug|Any CPU.Build.0 = Debug|Any CPU
		{A14222AE-1B48-4863-A0CA-1D6C2AB2190B}.Debug|Mixed Platforms.ActiveCfg = Debug|Any CPU
		{A14222AE-1B48-4863-A0CA-1D6C2AB2190B}.Debug|Mixed Platforms.Build.0 = Debug|Any CPU
		{A14222AE-1B48-4863-A0CA-1D6C2AB2190B}.Debug|x86.ActiveCfg = Debug|Any CPU
		{A14222AE-1B48-4863-A0CA-1D6C2AB2190B}.Release|Any CPU.ActiveCfg = Release|Any CPU
		{A14222AE-1B48-4863-A0CA-1D6C2AB2190B}.Release|Any CPU.Build.0 = Release|Any CPU
		{A14222AE-1B48-4863-A0CA-1D6C2AB2190B}.Release|Mixed Platforms.ActiveCfg = Release|Any CPU
		{A14222AE-1B48-4863-A0CA-1D6C2AB2190B}.Release|Mixed Platforms.Build.0 = Release|Any CPU
		{A14222AE-1B48-4863-A0CA-1D6C2AB2190B}.Release|x86.ActiveCfg = Release|Any CPU
		{F583D8C8-97A2-4460-9C03-40E48A9A2B3A}.Debug|Any CPU.ActiveCfg = Debug|Any CPU
		{F583D8C8-97A2-4460-9C03-40E48A9A2B3A}.Debug|Any CPU.Build.0 = Debug|Any CPU
		{F583D8C8-97A2-4460-9C03-40E48A9A2B3A}.Debug|Mixed Platforms.ActiveCfg = Debug|Any CPU
		{F583D8C8-97A2-4460-9C03-40E48A9A2B3A}.Debug|Mixed Platforms.Build.0 = Debug|Any CPU
		{F583D8C8-97A2-4460-9C03-40E48A9A2B3A}.Debug|x86.ActiveCfg = Debug|Any CPU
		{F583D8C8-97A2-4460-9C03-40E48A9A2B3A}.Release|Any CPU.ActiveCfg = Release|Any CPU
		{F583D8C8-97A2-4460-9C03-40E48A9A2B3A}.Release|Any CPU.Build.0 = Release|Any CPU
		{F583D8C8-97A2-4460-9C03-40E48A9A2B3A}.Release|Mixed Platforms.ActiveCfg = Release|Any CPU
		{F583D8C8-97A2-4460-9C03-40E48A9A2B3A}.Release|Mixed Platforms.Build.0 = Release|Any CPU
		{F583D8C8-97A2-4460-9C03-40E48A9A2B3A}.Release|x86.ActiveCfg = Release|Any CPU
	EndGlobalSection
	GlobalSection(SolutionProperties) = preSolution
		HideSolutionNode = FALSE
	EndGlobalSection
EndGlobal
