Microsoft Visual Studio Solution File, Format Version 12.00
# Visual Studio 2012
VisualStudioVersion = 14.0.23107.0
MinimumVisualStudioVersion = 10.0.40219.1
Project("{2150E333-8FDC-42A3-9474-1A3956D46DE8}") = "PCL", "PCL", "{76DCF4BD-33E5-4ECD-B666-879930D34626}"
EndProject
Project("{FAE04EC0-301F-11D3-BF4B-00C04F79EFBC}") = "deveeldb.pcl.linux", "deveeldb\deveeldb.pcl.linux.csproj", "{ADD851E0-1314-46C6-9312-7861F46438D0}"
EndProject
Project("{FAE04EC0-301F-11D3-BF4B-00C04F79EFBC}") = "deveeldb.linux", "deveeldb\deveeldb.linux.csproj", "{A14222AE-1B48-4863-A0CA-1D6C2AB2190B}"
EndProject
Project("{FAE04EC0-301F-11D3-BF4B-00C04F79EFBC}") = "deveeldb-nunit.linux", "deveeldb-nunit\deveeldb-nunit.linux.csproj", "{F583D8C8-97A2-4460-9C03-40E48A9A2B3A}"
EndProject
Project("{FAE04EC0-301F-11D3-BF4B-00C04F79EFBC}") = "deveeldb-gis.linux", "deveeldb-gis\deveeldb-gis.linux.csproj", "{4609733F-0316-4137-ACE5-1BE52CE9CE73}"
EndProject
Project("{FAE04EC0-301F-11D3-BF4B-00C04F79EFBC}") = "deveeldb-lucene.linux", "deveeldb-lucene\deveeldb-lucene.linux.csproj", "{DA4265CD-42B3-48DA-97D3-A57CE81A4E25}"
EndProject
Project("{FAE04EC0-301F-11D3-BF4B-00C04F79EFBC}") = "deveeldb-xml.linux", "deveeldb-xml\deveeldb-xml.linux.csproj", "{512419CE-4521-4C5B-B52E-89F054B36996}"
EndProject
Project("{FAE04EC0-301F-11D3-BF4B-00C04F79EFBC}") = "deveeldb-linq.linux", "deveeldb-linq\deveeldb-linq.linux.csproj", "{8AE45834-7E6E-48A8-ADAC-EBDA38C511E2}"
EndProject
Project("{FAE04EC0-301F-11D3-BF4B-00C04F79EFBC}") = "deveeldb.linq.nunit.linux", "deveeldb.linq.nunit\deveeldb.linq.nunit.linux.csproj", "{F48F507B-B6A7-4179-B7B4-5E1DD0EC3934}"
EndProject
Project("{FAE04EC0-301F-11D3-BF4B-00C04F79EFBC}") = "deveeldb.gis.nunit.linux", "deveeldb.gis.nunit\deveeldb.gis.nunit.linux.csproj", "{57C9F482-27DE-401A-8BF4-87B1C9212B95}"
EndProject
Project("{FAE04EC0-301F-11D3-BF4B-00C04F79EFBC}") = "deveeldb.xml.nunit.linux", "deveeldb.xml.nunit\deveeldb.xml.nunit.linux.csproj", "{0648170B-749A-4569-B6F8-B9DB5170C35C}"
EndProject
Project("{FAE04EC0-301F-11D3-BF4B-00C04F79EFBC}") = "deveeldb.log4net.linux", "deveeldb.log4net\deveeldb.log4net.linux.csproj", "{A56601E4-7F4A-4FEA-93C8-AEE51B51DDEC}"
EndProject
Project("{FAE04EC0-301F-11D3-BF4B-00C04F79EFBC}") = "deveeldb.ef.nunit.linux", "deveeldb.ef.nunit\deveeldb.ef.nunit.linux.csproj", "{F54B698E-3A9E-48FA-B66C-D44166F373E8}"
EndProject
Project("{FAE04EC0-301F-11D3-BF4B-00C04F79EFBC}") = "deveeldb.adonet.nunit.linux", "deveeldb.adonet.nunit\deveeldb.adonet.nunit.linux.csproj", "{5F755E18-13D4-42AF-8982-B9E53B3C159E}"
EndProject
Global
	GlobalSection(SolutionConfigurationPlatforms) = preSolution
		Debug|Any CPU = Debug|Any CPU
		Debug|x64 = Debug|x64
		Debug|x86 = Debug|x86
		Release|Any CPU = Release|Any CPU
		Release|x64 = Release|x64
		Release|x86 = Release|x86
		Release-PCL|Any CPU = Release-PCL|Any CPU
		Release-PCL|x64 = Release-PCL|x64
		Release-PCL|x86 = Release-PCL|x86
	EndGlobalSection
	GlobalSection(ProjectConfigurationPlatforms) = postSolution
		{0648170B-749A-4569-B6F8-B9DB5170C35C}.Debug|Any CPU.ActiveCfg = Debug|Any CPU
		{0648170B-749A-4569-B6F8-B9DB5170C35C}.Debug|Any CPU.Build.0 = Debug|Any CPU
		{0648170B-749A-4569-B6F8-B9DB5170C35C}.Debug|x64.ActiveCfg = Debug|x64
		{0648170B-749A-4569-B6F8-B9DB5170C35C}.Debug|x64.Build.0 = Debug|x64
		{0648170B-749A-4569-B6F8-B9DB5170C35C}.Debug|x86.ActiveCfg = Debug|Any CPU
		{0648170B-749A-4569-B6F8-B9DB5170C35C}.Debug|x86.Build.0 = Debug|Any CPU
		{0648170B-749A-4569-B6F8-B9DB5170C35C}.Release|Any CPU.ActiveCfg = Release|Any CPU
		{0648170B-749A-4569-B6F8-B9DB5170C35C}.Release|Any CPU.Build.0 = Release|Any CPU
		{0648170B-749A-4569-B6F8-B9DB5170C35C}.Release|x64.ActiveCfg = Release|x64
		{0648170B-749A-4569-B6F8-B9DB5170C35C}.Release|x64.Build.0 = Release|x64
		{0648170B-749A-4569-B6F8-B9DB5170C35C}.Release|x86.ActiveCfg = Release|x86
		{0648170B-749A-4569-B6F8-B9DB5170C35C}.Release|x86.Build.0 = Release|x86
		{0648170B-749A-4569-B6F8-B9DB5170C35C}.Release-PCL|Any CPU.ActiveCfg = Release|Any CPU
		{0648170B-749A-4569-B6F8-B9DB5170C35C}.Release-PCL|x64.ActiveCfg = Release|x64
		{0648170B-749A-4569-B6F8-B9DB5170C35C}.Release-PCL|x86.ActiveCfg = Release|x86
		{4609733F-0316-4137-ACE5-1BE52CE9CE73}.Debug|Any CPU.ActiveCfg = Debug|Any CPU
		{4609733F-0316-4137-ACE5-1BE52CE9CE73}.Debug|Any CPU.Build.0 = Debug|Any CPU
		{4609733F-0316-4137-ACE5-1BE52CE9CE73}.Debug|x64.ActiveCfg = Debug|x64
		{4609733F-0316-4137-ACE5-1BE52CE9CE73}.Debug|x64.Build.0 = Debug|x64
		{4609733F-0316-4137-ACE5-1BE52CE9CE73}.Debug|x86.ActiveCfg = Debug|x86
		{4609733F-0316-4137-ACE5-1BE52CE9CE73}.Debug|x86.Build.0 = Debug|x86
		{4609733F-0316-4137-ACE5-1BE52CE9CE73}.Release|Any CPU.ActiveCfg = Release|Any CPU
		{4609733F-0316-4137-ACE5-1BE52CE9CE73}.Release|Any CPU.Build.0 = Release|Any CPU
		{4609733F-0316-4137-ACE5-1BE52CE9CE73}.Release|x64.ActiveCfg = Release|x64
		{4609733F-0316-4137-ACE5-1BE52CE9CE73}.Release|x64.Build.0 = Release|x64
		{4609733F-0316-4137-ACE5-1BE52CE9CE73}.Release|x86.ActiveCfg = Release|x86
		{4609733F-0316-4137-ACE5-1BE52CE9CE73}.Release|x86.Build.0 = Release|x86
		{4609733F-0316-4137-ACE5-1BE52CE9CE73}.Release-PCL|Any CPU.ActiveCfg = Release|Any CPU
		{4609733F-0316-4137-ACE5-1BE52CE9CE73}.Release-PCL|x64.ActiveCfg = Release|x64
		{4609733F-0316-4137-ACE5-1BE52CE9CE73}.Release-PCL|x86.ActiveCfg = Release|x86
		{512419CE-4521-4C5B-B52E-89F054B36996}.Debug|Any CPU.ActiveCfg = Debug|Any CPU
		{512419CE-4521-4C5B-B52E-89F054B36996}.Debug|Any CPU.Build.0 = Debug|Any CPU
		{512419CE-4521-4C5B-B52E-89F054B36996}.Debug|x64.ActiveCfg = Debug|x64
		{512419CE-4521-4C5B-B52E-89F054B36996}.Debug|x64.Build.0 = Debug|x64
		{512419CE-4521-4C5B-B52E-89F054B36996}.Debug|x86.ActiveCfg = Debug|x86
		{512419CE-4521-4C5B-B52E-89F054B36996}.Debug|x86.Build.0 = Debug|x86
		{512419CE-4521-4C5B-B52E-89F054B36996}.Release|Any CPU.ActiveCfg = Release|Any CPU
		{512419CE-4521-4C5B-B52E-89F054B36996}.Release|Any CPU.Build.0 = Release|Any CPU
		{512419CE-4521-4C5B-B52E-89F054B36996}.Release|x64.ActiveCfg = Release|x64
		{512419CE-4521-4C5B-B52E-89F054B36996}.Release|x64.Build.0 = Release|x64
		{512419CE-4521-4C5B-B52E-89F054B36996}.Release|x86.ActiveCfg = Release|x86
		{512419CE-4521-4C5B-B52E-89F054B36996}.Release|x86.Build.0 = Release|x86
		{512419CE-4521-4C5B-B52E-89F054B36996}.Release-PCL|Any CPU.ActiveCfg = Release|Any CPU
		{512419CE-4521-4C5B-B52E-89F054B36996}.Release-PCL|x64.ActiveCfg = Release|x64
		{512419CE-4521-4C5B-B52E-89F054B36996}.Release-PCL|x86.ActiveCfg = Release|x86
		{57C9F482-27DE-401A-8BF4-87B1C9212B95}.Debug|Any CPU.ActiveCfg = Debug|Any CPU
		{57C9F482-27DE-401A-8BF4-87B1C9212B95}.Debug|Any CPU.Build.0 = Debug|Any CPU
		{57C9F482-27DE-401A-8BF4-87B1C9212B95}.Debug|x64.ActiveCfg = Debug|x64
		{57C9F482-27DE-401A-8BF4-87B1C9212B95}.Debug|x64.Build.0 = Debug|x64
		{57C9F482-27DE-401A-8BF4-87B1C9212B95}.Debug|x86.ActiveCfg = Debug|Any CPU
		{57C9F482-27DE-401A-8BF4-87B1C9212B95}.Debug|x86.Build.0 = Debug|Any CPU
		{57C9F482-27DE-401A-8BF4-87B1C9212B95}.Release|Any CPU.ActiveCfg = Release|Any CPU
		{57C9F482-27DE-401A-8BF4-87B1C9212B95}.Release|Any CPU.Build.0 = Release|Any CPU
		{57C9F482-27DE-401A-8BF4-87B1C9212B95}.Release|x64.ActiveCfg = Release|x64
		{57C9F482-27DE-401A-8BF4-87B1C9212B95}.Release|x64.Build.0 = Release|x64
		{57C9F482-27DE-401A-8BF4-87B1C9212B95}.Release|x86.ActiveCfg = Release|x86
		{57C9F482-27DE-401A-8BF4-87B1C9212B95}.Release|x86.Build.0 = Release|x86
		{57C9F482-27DE-401A-8BF4-87B1C9212B95}.Release-PCL|Any CPU.ActiveCfg = Release|Any CPU
		{57C9F482-27DE-401A-8BF4-87B1C9212B95}.Release-PCL|x64.ActiveCfg = Release|x64
		{57C9F482-27DE-401A-8BF4-87B1C9212B95}.Release-PCL|x86.ActiveCfg = Release|x86
		{5F755E18-13D4-42AF-8982-B9E53B3C159E}.Debug|Any CPU.ActiveCfg = Debug|Any CPU
		{5F755E18-13D4-42AF-8982-B9E53B3C159E}.Debug|Any CPU.Build.0 = Debug|Any CPU
		{5F755E18-13D4-42AF-8982-B9E53B3C159E}.Debug|x64.ActiveCfg = Debug|Any CPU
		{5F755E18-13D4-42AF-8982-B9E53B3C159E}.Debug|x64.Build.0 = Debug|Any CPU
		{5F755E18-13D4-42AF-8982-B9E53B3C159E}.Debug|x86.ActiveCfg = Debug|Any CPU
		{5F755E18-13D4-42AF-8982-B9E53B3C159E}.Debug|x86.Build.0 = Debug|Any CPU
		{5F755E18-13D4-42AF-8982-B9E53B3C159E}.Release|Any CPU.ActiveCfg = Release|Any CPU
		{5F755E18-13D4-42AF-8982-B9E53B3C159E}.Release|Any CPU.Build.0 = Release|Any CPU
		{5F755E18-13D4-42AF-8982-B9E53B3C159E}.Release|x64.ActiveCfg = Release|Any CPU
		{5F755E18-13D4-42AF-8982-B9E53B3C159E}.Release|x64.Build.0 = Release|Any CPU
		{5F755E18-13D4-42AF-8982-B9E53B3C159E}.Release|x86.ActiveCfg = Release|Any CPU
		{5F755E18-13D4-42AF-8982-B9E53B3C159E}.Release|x86.Build.0 = Release|Any CPU
		{5F755E18-13D4-42AF-8982-B9E53B3C159E}.Release-PCL|Any CPU.ActiveCfg = Release|Any CPU
		{5F755E18-13D4-42AF-8982-B9E53B3C159E}.Release-PCL|Any CPU.Build.0 = Release|Any CPU
		{5F755E18-13D4-42AF-8982-B9E53B3C159E}.Release-PCL|x64.ActiveCfg = Release|Any CPU
		{5F755E18-13D4-42AF-8982-B9E53B3C159E}.Release-PCL|x64.Build.0 = Release|Any CPU
		{5F755E18-13D4-42AF-8982-B9E53B3C159E}.Release-PCL|x86.ActiveCfg = Release|Any CPU
		{5F755E18-13D4-42AF-8982-B9E53B3C159E}.Release-PCL|x86.Build.0 = Release|Any CPU
		{8AE45834-7E6E-48A8-ADAC-EBDA38C511E2}.Debug|Any CPU.ActiveCfg = Debug|Any CPU
		{8AE45834-7E6E-48A8-ADAC-EBDA38C511E2}.Debug|Any CPU.Build.0 = Debug|Any CPU
		{8AE45834-7E6E-48A8-ADAC-EBDA38C511E2}.Debug|x64.ActiveCfg = Debug|x64
		{8AE45834-7E6E-48A8-ADAC-EBDA38C511E2}.Debug|x64.Build.0 = Debug|x64
		{8AE45834-7E6E-48A8-ADAC-EBDA38C511E2}.Debug|x86.ActiveCfg = Debug|x86
		{8AE45834-7E6E-48A8-ADAC-EBDA38C511E2}.Debug|x86.Build.0 = Debug|x86
		{8AE45834-7E6E-48A8-ADAC-EBDA38C511E2}.Release|Any CPU.ActiveCfg = Release|Any CPU
		{8AE45834-7E6E-48A8-ADAC-EBDA38C511E2}.Release|Any CPU.Build.0 = Release|Any CPU
		{8AE45834-7E6E-48A8-ADAC-EBDA38C511E2}.Release|x64.ActiveCfg = Release|x64
		{8AE45834-7E6E-48A8-ADAC-EBDA38C511E2}.Release|x64.Build.0 = Release|x64
		{8AE45834-7E6E-48A8-ADAC-EBDA38C511E2}.Release|x86.ActiveCfg = Release|x86
		{8AE45834-7E6E-48A8-ADAC-EBDA38C511E2}.Release|x86.Build.0 = Release|x86
		{8AE45834-7E6E-48A8-ADAC-EBDA38C511E2}.Release-PCL|Any CPU.ActiveCfg = Release|Any CPU
		{8AE45834-7E6E-48A8-ADAC-EBDA38C511E2}.Release-PCL|x64.ActiveCfg = Release|x64
		{8AE45834-7E6E-48A8-ADAC-EBDA38C511E2}.Release-PCL|x86.ActiveCfg = Release|x86
		{A14222AE-1B48-4863-A0CA-1D6C2AB2190B}.Debug|Any CPU.ActiveCfg = Debug|Any CPU
		{A14222AE-1B48-4863-A0CA-1D6C2AB2190B}.Debug|Any CPU.Build.0 = Debug|Any CPU
		{A14222AE-1B48-4863-A0CA-1D6C2AB2190B}.Debug|x64.ActiveCfg = Debug|x64
		{A14222AE-1B48-4863-A0CA-1D6C2AB2190B}.Debug|x64.Build.0 = Debug|x64
		{A14222AE-1B48-4863-A0CA-1D6C2AB2190B}.Debug|x86.ActiveCfg = Debug|x86
		{A14222AE-1B48-4863-A0CA-1D6C2AB2190B}.Debug|x86.Build.0 = Debug|x86
		{A14222AE-1B48-4863-A0CA-1D6C2AB2190B}.Release|Any CPU.ActiveCfg = Release|Any CPU
		{A14222AE-1B48-4863-A0CA-1D6C2AB2190B}.Release|Any CPU.Build.0 = Release|Any CPU
		{A14222AE-1B48-4863-A0CA-1D6C2AB2190B}.Release|x64.ActiveCfg = Release|x64
		{A14222AE-1B48-4863-A0CA-1D6C2AB2190B}.Release|x64.Build.0 = Release|x64
		{A14222AE-1B48-4863-A0CA-1D6C2AB2190B}.Release|x86.ActiveCfg = Release|x86
		{A14222AE-1B48-4863-A0CA-1D6C2AB2190B}.Release|x86.Build.0 = Release|x86
		{A14222AE-1B48-4863-A0CA-1D6C2AB2190B}.Release-PCL|Any CPU.ActiveCfg = Release|Any CPU
		{A14222AE-1B48-4863-A0CA-1D6C2AB2190B}.Release-PCL|x64.ActiveCfg = Release|x64
		{A14222AE-1B48-4863-A0CA-1D6C2AB2190B}.Release-PCL|x86.ActiveCfg = Release|x86
		{A56601E4-7F4A-4FEA-93C8-AEE51B51DDEC}.Debug|Any CPU.ActiveCfg = Debug|Any CPU
		{A56601E4-7F4A-4FEA-93C8-AEE51B51DDEC}.Debug|Any CPU.Build.0 = Debug|Any CPU
		{A56601E4-7F4A-4FEA-93C8-AEE51B51DDEC}.Debug|x64.ActiveCfg = Debug|Any CPU
		{A56601E4-7F4A-4FEA-93C8-AEE51B51DDEC}.Debug|x64.Build.0 = Debug|Any CPU
		{A56601E4-7F4A-4FEA-93C8-AEE51B51DDEC}.Debug|x86.ActiveCfg = Debug|Any CPU
		{A56601E4-7F4A-4FEA-93C8-AEE51B51DDEC}.Debug|x86.Build.0 = Debug|Any CPU
		{A56601E4-7F4A-4FEA-93C8-AEE51B51DDEC}.Release|Any CPU.ActiveCfg = Release|Any CPU
		{A56601E4-7F4A-4FEA-93C8-AEE51B51DDEC}.Release|Any CPU.Build.0 = Release|Any CPU
		{A56601E4-7F4A-4FEA-93C8-AEE51B51DDEC}.Release|x64.ActiveCfg = Release|Any CPU
		{A56601E4-7F4A-4FEA-93C8-AEE51B51DDEC}.Release|x64.Build.0 = Release|Any CPU
		{A56601E4-7F4A-4FEA-93C8-AEE51B51DDEC}.Release|x86.ActiveCfg = Release|Any CPU
		{A56601E4-7F4A-4FEA-93C8-AEE51B51DDEC}.Release|x86.Build.0 = Release|Any CPU
		{A56601E4-7F4A-4FEA-93C8-AEE51B51DDEC}.Release-PCL|Any CPU.ActiveCfg = Release|Any CPU
		{A56601E4-7F4A-4FEA-93C8-AEE51B51DDEC}.Release-PCL|Any CPU.Build.0 = Release|Any CPU
		{A56601E4-7F4A-4FEA-93C8-AEE51B51DDEC}.Release-PCL|x64.ActiveCfg = Release|Any CPU
		{A56601E4-7F4A-4FEA-93C8-AEE51B51DDEC}.Release-PCL|x64.Build.0 = Release|Any CPU
		{A56601E4-7F4A-4FEA-93C8-AEE51B51DDEC}.Release-PCL|x86.ActiveCfg = Release|Any CPU
		{A56601E4-7F4A-4FEA-93C8-AEE51B51DDEC}.Release-PCL|x86.Build.0 = Release|Any CPU
		{ADD851E0-1314-46C6-9312-7861F46438D0}.Debug|Any CPU.ActiveCfg = Debug|Any CPU
		{ADD851E0-1314-46C6-9312-7861F46438D0}.Debug|Any CPU.Build.0 = Debug|Any CPU
		{ADD851E0-1314-46C6-9312-7861F46438D0}.Debug|x64.ActiveCfg = Debug|x64
		{ADD851E0-1314-46C6-9312-7861F46438D0}.Debug|x64.Build.0 = Debug|x64
		{ADD851E0-1314-46C6-9312-7861F46438D0}.Debug|x86.ActiveCfg = Debug|x86
		{ADD851E0-1314-46C6-9312-7861F46438D0}.Debug|x86.Build.0 = Debug|x86
		{ADD851E0-1314-46C6-9312-7861F46438D0}.Release|Any CPU.ActiveCfg = Release|Any CPU
		{ADD851E0-1314-46C6-9312-7861F46438D0}.Release|Any CPU.Build.0 = Release|Any CPU
		{ADD851E0-1314-46C6-9312-7861F46438D0}.Release|x64.ActiveCfg = Release|x64
		{ADD851E0-1314-46C6-9312-7861F46438D0}.Release|x64.Build.0 = Release|x64
		{ADD851E0-1314-46C6-9312-7861F46438D0}.Release|x86.ActiveCfg = Release|x86
		{ADD851E0-1314-46C6-9312-7861F46438D0}.Release|x86.Build.0 = Release|x86
		{ADD851E0-1314-46C6-9312-7861F46438D0}.Release-PCL|Any CPU.ActiveCfg = Release|Any CPU
		{ADD851E0-1314-46C6-9312-7861F46438D0}.Release-PCL|Any CPU.Build.0 = Release|Any CPU
		{ADD851E0-1314-46C6-9312-7861F46438D0}.Release-PCL|x64.ActiveCfg = Release|x64
		{ADD851E0-1314-46C6-9312-7861F46438D0}.Release-PCL|x64.Build.0 = Release|x64
		{ADD851E0-1314-46C6-9312-7861F46438D0}.Release-PCL|x86.ActiveCfg = Release|x86
		{ADD851E0-1314-46C6-9312-7861F46438D0}.Release-PCL|x86.Build.0 = Release|x86
		{DA4265CD-42B3-48DA-97D3-A57CE81A4E25}.Debug|Any CPU.ActiveCfg = Debug|Any CPU
		{DA4265CD-42B3-48DA-97D3-A57CE81A4E25}.Debug|Any CPU.Build.0 = Debug|Any CPU
		{DA4265CD-42B3-48DA-97D3-A57CE81A4E25}.Debug|x64.ActiveCfg = Debug|x64
		{DA4265CD-42B3-48DA-97D3-A57CE81A4E25}.Debug|x64.Build.0 = Debug|x64
		{DA4265CD-42B3-48DA-97D3-A57CE81A4E25}.Debug|x86.ActiveCfg = Debug|x86
		{DA4265CD-42B3-48DA-97D3-A57CE81A4E25}.Debug|x86.Build.0 = Debug|x86
		{DA4265CD-42B3-48DA-97D3-A57CE81A4E25}.Release|Any CPU.ActiveCfg = Release|Any CPU
		{DA4265CD-42B3-48DA-97D3-A57CE81A4E25}.Release|Any CPU.Build.0 = Release|Any CPU
		{DA4265CD-42B3-48DA-97D3-A57CE81A4E25}.Release|x64.ActiveCfg = Release|x64
		{DA4265CD-42B3-48DA-97D3-A57CE81A4E25}.Release|x64.Build.0 = Release|x64
		{DA4265CD-42B3-48DA-97D3-A57CE81A4E25}.Release|x86.ActiveCfg = Release|x86
		{DA4265CD-42B3-48DA-97D3-A57CE81A4E25}.Release|x86.Build.0 = Release|x86
		{DA4265CD-42B3-48DA-97D3-A57CE81A4E25}.Release-PCL|Any CPU.ActiveCfg = Release|Any CPU
		{DA4265CD-42B3-48DA-97D3-A57CE81A4E25}.Release-PCL|x64.ActiveCfg = Release|x64
		{DA4265CD-42B3-48DA-97D3-A57CE81A4E25}.Release-PCL|x86.ActiveCfg = Release|x86
		{F48F507B-B6A7-4179-B7B4-5E1DD0EC3934}.Debug|Any CPU.ActiveCfg = Debug|Any CPU
		{F48F507B-B6A7-4179-B7B4-5E1DD0EC3934}.Debug|Any CPU.ActiveCfg = Debug|Any CPU
		{F48F507B-B6A7-4179-B7B4-5E1DD0EC3934}.Debug|Any CPU.Build.0 = Debug|Any CPU
		{F48F507B-B6A7-4179-B7B4-5E1DD0EC3934}.Debug|Any CPU.Build.0 = Debug|Any CPU
		{F48F507B-B6A7-4179-B7B4-5E1DD0EC3934}.Debug|x64.ActiveCfg = Debug|x64
		{F48F507B-B6A7-4179-B7B4-5E1DD0EC3934}.Debug|x64.ActiveCfg = Debug|x64
		{F48F507B-B6A7-4179-B7B4-5E1DD0EC3934}.Debug|x64.Build.0 = Debug|x64
		{F48F507B-B6A7-4179-B7B4-5E1DD0EC3934}.Debug|x64.Build.0 = Debug|x64
		{F48F507B-B6A7-4179-B7B4-5E1DD0EC3934}.Debug|x86.ActiveCfg = Debug|Any CPU
		{F48F507B-B6A7-4179-B7B4-5E1DD0EC3934}.Debug|x86.ActiveCfg = Debug|x86
		{F48F507B-B6A7-4179-B7B4-5E1DD0EC3934}.Debug|x86.Build.0 = Debug|Any CPU
		{F48F507B-B6A7-4179-B7B4-5E1DD0EC3934}.Debug|x86.Build.0 = Debug|x86
		{F48F507B-B6A7-4179-B7B4-5E1DD0EC3934}.Release|Any CPU.ActiveCfg = Release|Any CPU
		{F48F507B-B6A7-4179-B7B4-5E1DD0EC3934}.Release|Any CPU.ActiveCfg = Release|Any CPU
		{F48F507B-B6A7-4179-B7B4-5E1DD0EC3934}.Release|Any CPU.Build.0 = Release|Any CPU
		{F48F507B-B6A7-4179-B7B4-5E1DD0EC3934}.Release|Any CPU.Build.0 = Release|Any CPU
		{F48F507B-B6A7-4179-B7B4-5E1DD0EC3934}.Release|x64.ActiveCfg = Release|x64
		{F48F507B-B6A7-4179-B7B4-5E1DD0EC3934}.Release|x64.ActiveCfg = Release|x64
		{F48F507B-B6A7-4179-B7B4-5E1DD0EC3934}.Release|x64.Build.0 = Release|x64
		{F48F507B-B6A7-4179-B7B4-5E1DD0EC3934}.Release|x64.Build.0 = Release|x64
		{F48F507B-B6A7-4179-B7B4-5E1DD0EC3934}.Release|x86.ActiveCfg = Release|x86
		{F48F507B-B6A7-4179-B7B4-5E1DD0EC3934}.Release|x86.ActiveCfg = Release|x86
		{F48F507B-B6A7-4179-B7B4-5E1DD0EC3934}.Release|x86.Build.0 = Release|x86
		{F48F507B-B6A7-4179-B7B4-5E1DD0EC3934}.Release|x86.Build.0 = Release|x86
		{F48F507B-B6A7-4179-B7B4-5E1DD0EC3934}.Release-PCL|Any CPU.ActiveCfg = Release|Any CPU
		{F48F507B-B6A7-4179-B7B4-5E1DD0EC3934}.Release-PCL|Any CPU.ActiveCfg = Release|Any CPU
		{F48F507B-B6A7-4179-B7B4-5E1DD0EC3934}.Release-PCL|Any CPU.Build.0 = Release|Any CPU
		{F48F507B-B6A7-4179-B7B4-5E1DD0EC3934}.Release-PCL|x64.ActiveCfg = Release|x64
		{F48F507B-B6A7-4179-B7B4-5E1DD0EC3934}.Release-PCL|x64.ActiveCfg = Release|x64
		{F48F507B-B6A7-4179-B7B4-5E1DD0EC3934}.Release-PCL|x64.Build.0 = Release|x64
		{F48F507B-B6A7-4179-B7B4-5E1DD0EC3934}.Release-PCL|x86.ActiveCfg = Release|x86
		{F48F507B-B6A7-4179-B7B4-5E1DD0EC3934}.Release-PCL|x86.ActiveCfg = Release|x86
		{F48F507B-B6A7-4179-B7B4-5E1DD0EC3934}.Release-PCL|x86.Build.0 = Release|x86
		{F54B698E-3A9E-48FA-B66C-D44166F373E8}.Debug|Any CPU.ActiveCfg = Debug|Any CPU
		{F54B698E-3A9E-48FA-B66C-D44166F373E8}.Debug|Any CPU.Build.0 = Debug|Any CPU
		{F54B698E-3A9E-48FA-B66C-D44166F373E8}.Debug|x64.ActiveCfg = Debug|Any CPU
		{F54B698E-3A9E-48FA-B66C-D44166F373E8}.Debug|x64.Build.0 = Debug|Any CPU
		{F54B698E-3A9E-48FA-B66C-D44166F373E8}.Debug|x86.ActiveCfg = Debug|Any CPU
		{F54B698E-3A9E-48FA-B66C-D44166F373E8}.Debug|x86.Build.0 = Debug|Any CPU
		{F54B698E-3A9E-48FA-B66C-D44166F373E8}.Release|Any CPU.ActiveCfg = Release|Any CPU
		{F54B698E-3A9E-48FA-B66C-D44166F373E8}.Release|Any CPU.Build.0 = Release|Any CPU
		{F54B698E-3A9E-48FA-B66C-D44166F373E8}.Release|x64.ActiveCfg = Release|Any CPU
		{F54B698E-3A9E-48FA-B66C-D44166F373E8}.Release|x64.Build.0 = Release|Any CPU
		{F54B698E-3A9E-48FA-B66C-D44166F373E8}.Release|x86.ActiveCfg = Release|Any CPU
		{F54B698E-3A9E-48FA-B66C-D44166F373E8}.Release|x86.Build.0 = Release|Any CPU
		{F54B698E-3A9E-48FA-B66C-D44166F373E8}.Release-PCL|Any CPU.ActiveCfg = Release|Any CPU
		{F54B698E-3A9E-48FA-B66C-D44166F373E8}.Release-PCL|Any CPU.Build.0 = Release|Any CPU
		{F54B698E-3A9E-48FA-B66C-D44166F373E8}.Release-PCL|x64.ActiveCfg = Release|Any CPU
		{F54B698E-3A9E-48FA-B66C-D44166F373E8}.Release-PCL|x64.Build.0 = Release|Any CPU
		{F54B698E-3A9E-48FA-B66C-D44166F373E8}.Release-PCL|x86.ActiveCfg = Release|Any CPU
		{F54B698E-3A9E-48FA-B66C-D44166F373E8}.Release-PCL|x86.Build.0 = Release|Any CPU
		{F583D8C8-97A2-4460-9C03-40E48A9A2B3A}.Debug|Any CPU.ActiveCfg = Debug|Any CPU
		{F583D8C8-97A2-4460-9C03-40E48A9A2B3A}.Debug|Any CPU.Build.0 = Debug|Any CPU
		{F583D8C8-97A2-4460-9C03-40E48A9A2B3A}.Debug|x64.ActiveCfg = Debug|x64
		{F583D8C8-97A2-4460-9C03-40E48A9A2B3A}.Debug|x64.Build.0 = Debug|x64
		{F583D8C8-97A2-4460-9C03-40E48A9A2B3A}.Debug|x86.ActiveCfg = Debug|x86
		{F583D8C8-97A2-4460-9C03-40E48A9A2B3A}.Debug|x86.Build.0 = Debug|x86
		{F583D8C8-97A2-4460-9C03-40E48A9A2B3A}.Release|Any CPU.ActiveCfg = Release|Any CPU
		{F583D8C8-97A2-4460-9C03-40E48A9A2B3A}.Release|Any CPU.Build.0 = Release|Any CPU
		{F583D8C8-97A2-4460-9C03-40E48A9A2B3A}.Release|x64.ActiveCfg = Release|x64
		{F583D8C8-97A2-4460-9C03-40E48A9A2B3A}.Release|x64.Build.0 = Release|x64
		{F583D8C8-97A2-4460-9C03-40E48A9A2B3A}.Release|x86.ActiveCfg = Release|x86
		{F583D8C8-97A2-4460-9C03-40E48A9A2B3A}.Release|x86.Build.0 = Release|x86
		{F583D8C8-97A2-4460-9C03-40E48A9A2B3A}.Release-PCL|Any CPU.ActiveCfg = Release|Any CPU
		{F583D8C8-97A2-4460-9C03-40E48A9A2B3A}.Release-PCL|x64.ActiveCfg = Release|x64
		{F583D8C8-97A2-4460-9C03-40E48A9A2B3A}.Release-PCL|x86.ActiveCfg = Release|x86
	EndGlobalSection
	GlobalSection(NestedProjects) = preSolution
		{ADD851E0-1314-46C6-9312-7861F46438D0} = {76DCF4BD-33E5-4ECD-B666-879930D34626}
	EndGlobalSection
	GlobalSection(SolutionProperties) = preSolution
		HideSolutionNode = FALSE
	EndGlobalSection
	GlobalSection(CodealikeProperties) = postSolution
		SolutionGuid = e885a04d-3da6-4847-8d1c-ce831651671c
	EndGlobalSection
EndGlobal
