
Microsoft Visual Studio Solution File, Format Version 11.00
# Visual Studio 2010
Project("{FAE04EC0-301F-11D3-BF4B-00C04F79EFBC}") = "deveeldb.vs2010", "deveeldb\deveeldb.vs2010.csproj", "{A14222AE-1B48-4863-A0CA-1D6C2AB2190B}"
EndProject
Project("{FAE04EC0-301F-11D3-BF4B-00C04F79EFBC}") = "deveeldb-server.vs2010", "deveeldb-server\deveeldb-server.vs2010.csproj", "{AB455501-BEA5-4A0D-A773-C09B176A4C6A}"
EndProject
Project("{FAE04EC0-301F-11D3-BF4B-00C04F79EFBC}") = "deveeldb-shell.vs2010", "deveeldb-shell\deveeldb-shell.vs2010.csproj", "{14FF1F27-B78A-4A89-A1EA-3F926078543D}"
EndProject
Project("{FAE04EC0-301F-11D3-BF4B-00C04F79EFBC}") = "deveeldb-client.vs2010", "deveeldb-client\deveeldb-client.vs2010.csproj", "{DAAD2156-3B47-4330-91C7-BEEDB196AEFB}"
EndProject
Project("{FAE04EC0-301F-11D3-BF4B-00C04F79EFBC}") = "deveeldb-nunit.vs2010", "deveeldb-nunit\deveeldb-nunit.vs2010.csproj", "{F583D8C8-97A2-4460-9C03-40E48A9A2B3A}"
EndProject
Global
	GlobalSection(SolutionConfigurationPlatforms) = preSolution
		Debug|Any CPU = Debug|Any CPU
		Debug|Mixed Platforms = Debug|Mixed Platforms
		Debug|x86 = Debug|x86
		Release|Any CPU = Release|Any CPU
		Release|Mixed Platforms = Release|Mixed Platforms
		Release|x86 = Release|x86
	EndGlobalSection
	GlobalSection(ProjectConfigurationPlatforms) = postSolution
		{A14222AE-1B48-4863-A0CA-1D6C2AB2190B}.Debug|Any CPU.ActiveCfg = Debug|Any CPU
		{A14222AE-1B48-4863-A0CA-1D6C2AB2190B}.Debug|Any CPU.Build.0 = Debug|Any CPU
		{A14222AE-1B48-4863-A0CA-1D6C2AB2190B}.Debug|Mixed Platforms.ActiveCfg = Debug|Any CPU
		{A14222AE-1B48-4863-A0CA-1D6C2AB2190B}.Debug|Mixed Platforms.Build.0 = Debug|Any CPU
		{A14222AE-1B48-4863-A0CA-1D6C2AB2190B}.Debug|x86.ActiveCfg = Debug|Any CPU
		{A14222AE-1B48-4863-A0CA-1D6C2AB2190B}.Release|Any CPU.ActiveCfg = Release|Any CPU
		{A14222AE-1B48-4863-A0CA-1D6C2AB2190B}.Release|Any CPU.Build.0 = Release|Any CPU
		{A14222AE-1B48-4863-A0CA-1D6C2AB2190B}.Release|Mixed Platforms.ActiveCfg = Release|Any CPU
		{A14222AE-1B48-4863-A0CA-1D6C2AB2190B}.Release|Mixed Platforms.Build.0 = Release|Any CPU
		{A14222AE-1B48-4863-A0CA-1D6C2AB2190B}.Release|x86.ActiveCfg = Release|Any CPU
		{AB455501-BEA5-4A0D-A773-C09B176A4C6A}.Debug|Any CPU.ActiveCfg = Debug|Any CPU
		{AB455501-BEA5-4A0D-A773-C09B176A4C6A}.Debug|Any CPU.Build.0 = Debug|Any CPU
		{AB455501-BEA5-4A0D-A773-C09B176A4C6A}.Debug|Mixed Platforms.ActiveCfg = Debug|Any CPU
		{AB455501-BEA5-4A0D-A773-C09B176A4C6A}.Debug|Mixed Platforms.Build.0 = Debug|Any CPU
		{AB455501-BEA5-4A0D-A773-C09B176A4C6A}.Debug|x86.ActiveCfg = Debug|Any CPU
		{AB455501-BEA5-4A0D-A773-C09B176A4C6A}.Release|Any CPU.ActiveCfg = Release|Any CPU
		{AB455501-BEA5-4A0D-A773-C09B176A4C6A}.Release|Any CPU.Build.0 = Release|Any CPU
		{AB455501-BEA5-4A0D-A773-C09B176A4C6A}.Release|Mixed Platforms.ActiveCfg = Release|Any CPU
		{AB455501-BEA5-4A0D-A773-C09B176A4C6A}.Release|Mixed Platforms.Build.0 = Release|Any CPU
		{AB455501-BEA5-4A0D-A773-C09B176A4C6A}.Release|x86.ActiveCfg = Release|Any CPU
		{14FF1F27-B78A-4A89-A1EA-3F926078543D}.Debug|Any CPU.ActiveCfg = Debug|x86
		{14FF1F27-B78A-4A89-A1EA-3F926078543D}.Debug|Mixed Platforms.ActiveCfg = Debug|x86
		{14FF1F27-B78A-4A89-A1EA-3F926078543D}.Debug|Mixed Platforms.Build.0 = Debug|x86
		{14FF1F27-B78A-4A89-A1EA-3F926078543D}.Debug|x86.ActiveCfg = Debug|x86
		{14FF1F27-B78A-4A89-A1EA-3F926078543D}.Debug|x86.Build.0 = Debug|x86
		{14FF1F27-B78A-4A89-A1EA-3F926078543D}.Release|Any CPU.ActiveCfg = Release|x86
		{14FF1F27-B78A-4A89-A1EA-3F926078543D}.Release|Mixed Platforms.ActiveCfg = Release|x86
		{14FF1F27-B78A-4A89-A1EA-3F926078543D}.Release|Mixed Platforms.Build.0 = Release|x86
		{14FF1F27-B78A-4A89-A1EA-3F926078543D}.Release|x86.ActiveCfg = Release|x86
		{14FF1F27-B78A-4A89-A1EA-3F926078543D}.Release|x86.Build.0 = Release|x86
		{DAAD2156-3B47-4330-91C7-BEEDB196AEFB}.Debug|Any CPU.ActiveCfg = Debug|Any CPU
		{DAAD2156-3B47-4330-91C7-BEEDB196AEFB}.Debug|Any CPU.Build.0 = Debug|Any CPU
		{DAAD2156-3B47-4330-91C7-BEEDB196AEFB}.Debug|Mixed Platforms.ActiveCfg = Debug|Any CPU
		{DAAD2156-3B47-4330-91C7-BEEDB196AEFB}.Debug|Mixed Platforms.Build.0 = Debug|Any CPU
		{DAAD2156-3B47-4330-91C7-BEEDB196AEFB}.Debug|x86.ActiveCfg = Debug|Any CPU
		{DAAD2156-3B47-4330-91C7-BEEDB196AEFB}.Release|Any CPU.ActiveCfg = Release|Any CPU
		{DAAD2156-3B47-4330-91C7-BEEDB196AEFB}.Release|Any CPU.Build.0 = Release|Any CPU
		{DAAD2156-3B47-4330-91C7-BEEDB196AEFB}.Release|Mixed Platforms.ActiveCfg = Release|Any CPU
		{DAAD2156-3B47-4330-91C7-BEEDB196AEFB}.Release|Mixed Platforms.Build.0 = Release|Any CPU
		{DAAD2156-3B47-4330-91C7-BEEDB196AEFB}.Release|x86.ActiveCfg = Release|Any CPU
		{F583D8C8-97A2-4460-9C03-40E48A9A2B3A}.Debug|Any CPU.ActiveCfg = Debug|Any CPU
		{F583D8C8-97A2-4460-9C03-40E48A9A2B3A}.Debug|Any CPU.Build.0 = Debug|Any CPU
		{F583D8C8-97A2-4460-9C03-40E48A9A2B3A}.Debug|Mixed Platforms.ActiveCfg = Debug|Any CPU
		{F583D8C8-97A2-4460-9C03-40E48A9A2B3A}.Debug|Mixed Platforms.Build.0 = Debug|Any CPU
		{F583D8C8-97A2-4460-9C03-40E48A9A2B3A}.Debug|x86.ActiveCfg = Debug|Any CPU
		{F583D8C8-97A2-4460-9C03-40E48A9A2B3A}.Release|Any CPU.ActiveCfg = Release|Any CPU
		{F583D8C8-97A2-4460-9C03-40E48A9A2B3A}.Release|Any CPU.Build.0 = Release|Any CPU
		{F583D8C8-97A2-4460-9C03-40E48A9A2B3A}.Release|Mixed Platforms.ActiveCfg = Release|Any CPU
		{F583D8C8-97A2-4460-9C03-40E48A9A2B3A}.Release|Mixed Platforms.Build.0 = Release|Any CPU
		{F583D8C8-97A2-4460-9C03-40E48A9A2B3A}.Release|x86.ActiveCfg = Release|Any CPU
	EndGlobalSection
	GlobalSection(SolutionProperties) = preSolution
		HideSolutionNode = FALSE
	EndGlobalSection
EndGlobal
