
Microsoft Visual Studio Solution File, Format Version 12.00
# Visual Studio 14
VisualStudioVersion = 14.0.24720.0
MinimumVisualStudioVersion = 10.0.40219.1
Project("{FAE04EC0-301F-11D3-BF4B-00C04F79EFBC}") = "deveeldb", "deveeldb\deveeldb.csproj", "{A14222AE-1B48-4863-A0CA-1D6C2AB2190B}"
EndProject
Project("{FAE04EC0-301F-11D3-BF4B-00C04F79EFBC}") = "deveeldb-nunit", "deveeldb-nunit\deveeldb-nunit.csproj", "{F583D8C8-97A2-4460-9C03-40E48A9A2B3A}"
EndProject
Project("{2150E333-8FDC-42A3-9474-1A3956D46DE8}") = ".nuget", ".nuget", "{5165D6A1-8BD4-416F-ACEC-B00160891CC3}"
	ProjectSection(SolutionItems) = preProject
		.nuget\NuGet.Config = .nuget\NuGet.Config
		.nuget\NuGet.exe = .nuget\NuGet.exe
		.nuget\NuGet.targets = .nuget\NuGet.targets
	EndProjectSection
EndProject
Project("{FAE04EC0-301F-11D3-BF4B-00C04F79EFBC}") = "deveeldb-lucene", "deveeldb-lucene\deveeldb-lucene.csproj", "{DA4265CD-42B3-48DA-97D3-A57CE81A4E25}"
EndProject
Project("{2150E333-8FDC-42A3-9474-1A3956D46DE8}") = "PCL", "PCL", "{76DCF4BD-33E5-4ECD-B666-879930D34626}"
EndProject
Project("{FAE04EC0-301F-11D3-BF4B-00C04F79EFBC}") = "deveeldb.pcl", "deveeldb\deveeldb.pcl.csproj", "{ADD851E0-1314-46C6-9312-7861F46438D0}"
EndProject
Project("{7CF6DF6D-3B04-46F8-A40B-537D21BCA0B4}") = "deveeldb.schfb", "deveeldb.schfb\deveeldb.schfb.shfbproj", "{ADBAFCD3-B285-4474-8C24-E476BDA9C598}"
EndProject
Project("{FAE04EC0-301F-11D3-BF4B-00C04F79EFBC}") = "deveeldb-log4net", "deveeldb-log4net\deveeldb-log4net.csproj", "{26EA3025-9F6E-48C7-8984-7E6312C9E3CA}"
EndProject
Global
	GlobalSection(SolutionConfigurationPlatforms) = preSolution
		Debug|Any CPU = Debug|Any CPU
		Debug|x64 = Debug|x64
		Debug|x86 = Debug|x86
		Release|Any CPU = Release|Any CPU
		Release|x64 = Release|x64
		Release|x86 = Release|x86
		Release-PCL|Any CPU = Release-PCL|Any CPU
		Release-PCL|x64 = Release-PCL|x64
		Release-PCL|x86 = Release-PCL|x86
	EndGlobalSection
	GlobalSection(ProjectConfigurationPlatforms) = postSolution
		{A14222AE-1B48-4863-A0CA-1D6C2AB2190B}.Debug|Any CPU.ActiveCfg = Debug|Any CPU
		{A14222AE-1B48-4863-A0CA-1D6C2AB2190B}.Debug|Any CPU.Build.0 = Debug|Any CPU
		{A14222AE-1B48-4863-A0CA-1D6C2AB2190B}.Debug|x64.ActiveCfg = Debug|x64
		{A14222AE-1B48-4863-A0CA-1D6C2AB2190B}.Debug|x64.Build.0 = Debug|x64
		{A14222AE-1B48-4863-A0CA-1D6C2AB2190B}.Debug|x86.ActiveCfg = Debug|x86
		{A14222AE-1B48-4863-A0CA-1D6C2AB2190B}.Debug|x86.Build.0 = Debug|x86
		{A14222AE-1B48-4863-A0CA-1D6C2AB2190B}.Release|Any CPU.ActiveCfg = Release|Any CPU
		{A14222AE-1B48-4863-A0CA-1D6C2AB2190B}.Release|Any CPU.Build.0 = Release|Any CPU
		{A14222AE-1B48-4863-A0CA-1D6C2AB2190B}.Release|x64.ActiveCfg = Release|x64
		{A14222AE-1B48-4863-A0CA-1D6C2AB2190B}.Release|x64.Build.0 = Release|x64
		{A14222AE-1B48-4863-A0CA-1D6C2AB2190B}.Release|x86.ActiveCfg = Release|x86
		{A14222AE-1B48-4863-A0CA-1D6C2AB2190B}.Release|x86.Build.0 = Release|x86
		{A14222AE-1B48-4863-A0CA-1D6C2AB2190B}.Release-PCL|Any CPU.ActiveCfg = Release|Any CPU
		{A14222AE-1B48-4863-A0CA-1D6C2AB2190B}.Release-PCL|x64.ActiveCfg = Release|x64
		{A14222AE-1B48-4863-A0CA-1D6C2AB2190B}.Release-PCL|x86.ActiveCfg = Release|x86
		{F583D8C8-97A2-4460-9C03-40E48A9A2B3A}.Debug|Any CPU.ActiveCfg = Debug|Any CPU
		{F583D8C8-97A2-4460-9C03-40E48A9A2B3A}.Debug|Any CPU.Build.0 = Debug|Any CPU
		{F583D8C8-97A2-4460-9C03-40E48A9A2B3A}.Debug|x64.ActiveCfg = Debug|x64
		{F583D8C8-97A2-4460-9C03-40E48A9A2B3A}.Debug|x64.Build.0 = Debug|x64
		{F583D8C8-97A2-4460-9C03-40E48A9A2B3A}.Debug|x86.ActiveCfg = Debug|x86
		{F583D8C8-97A2-4460-9C03-40E48A9A2B3A}.Debug|x86.Build.0 = Debug|x86
		{F583D8C8-97A2-4460-9C03-40E48A9A2B3A}.Release|Any CPU.ActiveCfg = Release|Any CPU
		{F583D8C8-97A2-4460-9C03-40E48A9A2B3A}.Release|Any CPU.Build.0 = Release|Any CPU
		{F583D8C8-97A2-4460-9C03-40E48A9A2B3A}.Release|x64.ActiveCfg = Release|x64
		{F583D8C8-97A2-4460-9C03-40E48A9A2B3A}.Release|x64.Build.0 = Release|x64
		{F583D8C8-97A2-4460-9C03-40E48A9A2B3A}.Release|x86.ActiveCfg = Release|x86
		{F583D8C8-97A2-4460-9C03-40E48A9A2B3A}.Release|x86.Build.0 = Release|x86
		{F583D8C8-97A2-4460-9C03-40E48A9A2B3A}.Release-PCL|Any CPU.ActiveCfg = Release|Any CPU
		{F583D8C8-97A2-4460-9C03-40E48A9A2B3A}.Release-PCL|x64.ActiveCfg = Release|x64
		{F583D8C8-97A2-4460-9C03-40E48A9A2B3A}.Release-PCL|x86.ActiveCfg = Release|x86
		{DA4265CD-42B3-48DA-97D3-A57CE81A4E25}.Debug|Any CPU.ActiveCfg = Debug|Any CPU
		{DA4265CD-42B3-48DA-97D3-A57CE81A4E25}.Debug|Any CPU.Build.0 = Debug|Any CPU
		{DA4265CD-42B3-48DA-97D3-A57CE81A4E25}.Debug|x64.ActiveCfg = Debug|x64
		{DA4265CD-42B3-48DA-97D3-A57CE81A4E25}.Debug|x64.Build.0 = Debug|x64
		{DA4265CD-42B3-48DA-97D3-A57CE81A4E25}.Debug|x86.ActiveCfg = Debug|x86
		{DA4265CD-42B3-48DA-97D3-A57CE81A4E25}.Debug|x86.Build.0 = Debug|x86
		{DA4265CD-42B3-48DA-97D3-A57CE81A4E25}.Release|Any CPU.ActiveCfg = Release|Any CPU
		{DA4265CD-42B3-48DA-97D3-A57CE81A4E25}.Release|Any CPU.Build.0 = Release|Any CPU
		{DA4265CD-42B3-48DA-97D3-A57CE81A4E25}.Release|x64.ActiveCfg = Release|x64
		{DA4265CD-42B3-48DA-97D3-A57CE81A4E25}.Release|x64.Build.0 = Release|x64
		{DA4265CD-42B3-48DA-97D3-A57CE81A4E25}.Release|x86.ActiveCfg = Release|x86
		{DA4265CD-42B3-48DA-97D3-A57CE81A4E25}.Release|x86.Build.0 = Release|x86
		{DA4265CD-42B3-48DA-97D3-A57CE81A4E25}.Release-PCL|Any CPU.ActiveCfg = Release|Any CPU
		{DA4265CD-42B3-48DA-97D3-A57CE81A4E25}.Release-PCL|x64.ActiveCfg = Release|x64
		{DA4265CD-42B3-48DA-97D3-A57CE81A4E25}.Release-PCL|x86.ActiveCfg = Release|x86
		{ADD851E0-1314-46C6-9312-7861F46438D0}.Debug|Any CPU.ActiveCfg = Debug|Any CPU
		{ADD851E0-1314-46C6-9312-7861F46438D0}.Debug|Any CPU.Build.0 = Debug|Any CPU
		{ADD851E0-1314-46C6-9312-7861F46438D0}.Debug|x64.ActiveCfg = Debug|Any CPU
		{ADD851E0-1314-46C6-9312-7861F46438D0}.Debug|x86.ActiveCfg = Debug|Any CPU
		{ADD851E0-1314-46C6-9312-7861F46438D0}.Release|Any CPU.ActiveCfg = Release|Any CPU
		{ADD851E0-1314-46C6-9312-7861F46438D0}.Release|Any CPU.Build.0 = Release|Any CPU
		{ADD851E0-1314-46C6-9312-7861F46438D0}.Release|x64.ActiveCfg = Release|x64
		{ADD851E0-1314-46C6-9312-7861F46438D0}.Release|x86.ActiveCfg = Release|x86
		{ADD851E0-1314-46C6-9312-7861F46438D0}.Release-PCL|Any CPU.ActiveCfg = Release|Any CPU
		{ADD851E0-1314-46C6-9312-7861F46438D0}.Release-PCL|x64.ActiveCfg = Release|x64
		{ADD851E0-1314-46C6-9312-7861F46438D0}.Release-PCL|x86.ActiveCfg = Release|x86
		{ADBAFCD3-B285-4474-8C24-E476BDA9C598}.Debug|Any CPU.ActiveCfg = Debug|Any CPU
		{ADBAFCD3-B285-4474-8C24-E476BDA9C598}.Debug|x64.ActiveCfg = Debug|Any CPU
		{ADBAFCD3-B285-4474-8C24-E476BDA9C598}.Debug|x86.ActiveCfg = Debug|Any CPU
		{ADBAFCD3-B285-4474-8C24-E476BDA9C598}.Release|Any CPU.ActiveCfg = Release|Any CPU
		{ADBAFCD3-B285-4474-8C24-E476BDA9C598}.Release|x64.ActiveCfg = Release|Any CPU
		{ADBAFCD3-B285-4474-8C24-E476BDA9C598}.Release|x86.ActiveCfg = Release|Any CPU
		{ADBAFCD3-B285-4474-8C24-E476BDA9C598}.Release-PCL|Any CPU.ActiveCfg = Release|Any CPU
		{ADBAFCD3-B285-4474-8C24-E476BDA9C598}.Release-PCL|x64.ActiveCfg = Release|Any CPU
		{ADBAFCD3-B285-4474-8C24-E476BDA9C598}.Release-PCL|x86.ActiveCfg = Release|Any CPU
		{26EA3025-9F6E-48C7-8984-7E6312C9E3CA}.Debug|Any CPU.ActiveCfg = Debug|Any CPU
		{26EA3025-9F6E-48C7-8984-7E6312C9E3CA}.Debug|Any CPU.Build.0 = Debug|Any CPU
		{26EA3025-9F6E-48C7-8984-7E6312C9E3CA}.Debug|x64.ActiveCfg = Debug|Any CPU
		{26EA3025-9F6E-48C7-8984-7E6312C9E3CA}.Debug|x64.Build.0 = Debug|Any CPU
		{26EA3025-9F6E-48C7-8984-7E6312C9E3CA}.Debug|x86.ActiveCfg = Debug|x86
		{26EA3025-9F6E-48C7-8984-7E6312C9E3CA}.Debug|x86.Build.0 = Debug|x86
		{26EA3025-9F6E-48C7-8984-7E6312C9E3CA}.Release|Any CPU.ActiveCfg = Release|Any CPU
		{26EA3025-9F6E-48C7-8984-7E6312C9E3CA}.Release|Any CPU.Build.0 = Release|Any CPU
		{26EA3025-9F6E-48C7-8984-7E6312C9E3CA}.Release|x64.ActiveCfg = Release|x64
		{26EA3025-9F6E-48C7-8984-7E6312C9E3CA}.Release|x64.Build.0 = Release|x64
		{26EA3025-9F6E-48C7-8984-7E6312C9E3CA}.Release|x86.ActiveCfg = Release|x86
		{26EA3025-9F6E-48C7-8984-7E6312C9E3CA}.Release|x86.Build.0 = Release|x86
		{26EA3025-9F6E-48C7-8984-7E6312C9E3CA}.Release-PCL|Any CPU.ActiveCfg = Release|Any CPU
		{26EA3025-9F6E-48C7-8984-7E6312C9E3CA}.Release-PCL|Any CPU.Build.0 = Release|Any CPU
		{26EA3025-9F6E-48C7-8984-7E6312C9E3CA}.Release-PCL|x64.ActiveCfg = Release|Any CPU
		{26EA3025-9F6E-48C7-8984-7E6312C9E3CA}.Release-PCL|x64.Build.0 = Release|Any CPU
		{26EA3025-9F6E-48C7-8984-7E6312C9E3CA}.Release-PCL|x86.ActiveCfg = Release|Any CPU
		{26EA3025-9F6E-48C7-8984-7E6312C9E3CA}.Release-PCL|x86.Build.0 = Release|Any CPU
	EndGlobalSection
	GlobalSection(SolutionProperties) = preSolution
		HideSolutionNode = FALSE
	EndGlobalSection
	GlobalSection(NestedProjects) = preSolution
		{ADD851E0-1314-46C6-9312-7861F46438D0} = {76DCF4BD-33E5-4ECD-B666-879930D34626}
	EndGlobalSection
	GlobalSection(CodealikeProperties) = postSolution
		SolutionGuid = e885a04d-3da6-4847-8d1c-ce831651671c
	EndGlobalSection
EndGlobal
